
Microsoft Visual Studio Solution File, Format Version 12.00
# Visual Studio Version 16
VisualStudioVersion = 16.0.29503.13
MinimumVisualStudioVersion = 10.0.40219.1
Project("{FAE04EC0-301F-11D3-BF4B-00C04F79EFBC}") = "IoTCentral_REST_ApiClient", "IoTCentral_REST_ApiClient.csproj", "{36D2935F-D186-4519-A608-441156030967}"
EndProject
Global
	GlobalSection(SolutionConfigurationPlatforms) = preSolution
		Debug|Any CPU = Debug|Any CPU
		Release|Any CPU = Release|Any CPU
	EndGlobalSection
	GlobalSection(ProjectConfigurationPlatforms) = postSolution
		{36D2935F-D186-4519-A608-441156030967}.Debug|Any CPU.ActiveCfg = Debug|Any CPU
		{36D2935F-D186-4519-A608-441156030967}.Debug|Any CPU.Build.0 = Debug|Any CPU
		{36D2935F-D186-4519-A608-441156030967}.Release|Any CPU.ActiveCfg = Release|Any CPU
		{36D2935F-D186-4519-A608-441156030967}.Release|Any CPU.Build.0 = Release|Any CPU
	EndGlobalSection
	GlobalSection(SolutionProperties) = preSolution
		HideSolutionNode = FALSE
	EndGlobalSection
	GlobalSection(ExtensibilityGlobals) = postSolution
		SolutionGuid = {16053BE1-105A-4078-A829-F1800EC99021}
	EndGlobalSection
EndGlobal
